<?xml version="1.0" encoding="utf-8"?>
<Project ToolsVersion="4.0" xmlns="http://schemas.microsoft.com/developer/msbuild/2003">
  <ItemGroup>
    <ClInclude Include="..\..\src\Core\Base\K1RBase.hpp">
      <Filter>Core\Base</Filter>
    </ClInclude>
    <ClInclude Include="..\..\src\Core\Base\K1RDefines.hpp">
      <Filter>Core\Base</Filter>
    </ClInclude>
    <ClInclude Include="..\..\src\Core\Util\K1RPropList.hpp">
      <Filter>Core\Util</Filter>
    </ClInclude>
    <ClInclude Include="..\..\src\Asset\K1RAsset.hpp">
      <Filter>Asset</Filter>
    </ClInclude>
    <ClInclude Include="..\..\src\Math\K1RMatrix.hpp">
      <Filter>Math</Filter>
    </ClInclude>
    <ClInclude Include="..\..\src\Renderer\K1RColor.hpp">
      <Filter>Renderer</Filter>
    </ClInclude>
    <ClInclude Include="..\..\src\Renderer\K1RShader.hpp">
      <Filter>Renderer</Filter>
    </ClInclude>
    <ClInclude Include="..\..\src\Renderer\K1RRenderer.hpp">
      <Filter>Renderer</Filter>
    </ClInclude>
    <ClInclude Include="..\..\src\Renderer\K1RRenderableObject.hpp">
      <Filter>Renderer</Filter>
    </ClInclude>
    <ClInclude Include="..\..\src\Renderer\K1RRenderableObjectList.hpp">
      <Filter>Renderer</Filter>
    </ClInclude>
    <ClInclude Include="..\..\src\Renderer\DX9\K1RDX9Defines.hpp">
      <Filter>Renderer\DX9</Filter>
    </ClInclude>
    <ClInclude Include="..\..\src\Renderer\DX9\K1RDX9Shader.hpp">
      <Filter>Renderer\DX9</Filter>
    </ClInclude>
    <ClInclude Include="..\..\src\Renderer\DX9\K1RDX9RenderableObject.hpp">
      <Filter>Renderer\DX9</Filter>
    </ClInclude>
    <ClInclude Include="..\..\src\Renderer\DX9\K1RDX9Renderer.hpp">
      <Filter>Renderer\DX9</Filter>
    </ClInclude>
    <ClInclude Include="..\..\src\GUI\Controller\Win32\K1RControllerWin32.hpp">
      <Filter>GUI\Controller\Win32</Filter>
    </ClInclude>
    <ClInclude Include="..\..\src\GUI\Controller\K1RController.hpp">
      <Filter>GUI\Controller</Filter>
    </ClInclude>
    <ClInclude Include="..\..\src\GUI\Platform\Win32\K1RWin32Platform.hpp">
      <Filter>GUI\Platform\Win32</Filter>
    </ClInclude>
    <ClInclude Include="..\..\src\GUI\Window\Win32\K1RWindowWin32.hpp">
      <Filter>GUI\Window\Win32</Filter>
    </ClInclude>
    <ClInclude Include="..\..\src\GUI\Window\K1RWindow.hpp">
      <Filter>GUI\Window</Filter>
    </ClInclude>
    <ClInclude Include="..\..\src\K1RRenderLib.hpp" />
  </ItemGroup>
  <ItemGroup>
    <ClCompile Include="..\..\src\Core\Util\K1RPropList.cpp">
      <Filter>Core\Util</Filter>
    </ClCompile>
    <ClCompile Include="..\..\src\Asset\K1RAsset.cpp">
      <Filter>Asset</Filter>
    </ClCompile>
    <ClCompile Include="..\..\src\Renderer\K1RShader.cpp">
      <Filter>Renderer</Filter>
    </ClCompile>
    <ClCompile Include="..\..\src\Renderer\K1RRenderer.cpp">
      <Filter>Renderer</Filter>
    </ClCompile>
    <ClCompile Include="..\..\src\Renderer\K1RRenderableObject.cpp">
      <Filter>Renderer</Filter>
    </ClCompile>
    <ClCompile Include="..\..\src\Renderer\K1RRenderableObjectList.cpp">
      <Filter>Renderer</Filter>
    </ClCompile>
    <ClCompile Include="..\..\src\Renderer\DX9\K1RDX9Defines.cpp">
      <Filter>Renderer\DX9</Filter>
    </ClCompile>
    <ClCompile Include="..\..\src\Renderer\DX9\K1RDX9Shader.cpp">
      <Filter>Renderer\DX9</Filter>
    </ClCompile>
    <ClCompile Include="..\..\src\Renderer\DX9\K1RDX9RenderableObject.cpp">
      <Filter>Renderer\DX9</Filter>
    </ClCompile>
    <ClCompile Include="..\..\src\Renderer\DX9\K1RDX9Renderer.cpp">
      <Filter>Renderer\DX9</Filter>
    </ClCompile>
    <ClCompile Include="..\..\src\GUI\Controller\Win32\K1RControllerWin32.cpp">
      <Filter>GUI\Controller\Win32</Filter>
    </ClCompile>
    <ClCompile Include="..\..\src\GUI\Platform\Win32\K1RWin32Platform.cpp">
      <Filter>GUI\Platform\Win32</Filter>
    </ClCompile>
    <ClCompile Include="..\..\src\GUI\Window\Win32\K1RWindowWin32.cpp">
      <Filter>GUI\Window\Win32</Filter>
    </ClCompile>
    <ClCompile Include="..\..\src\GUI\Window\K1RWindow.cpp">
      <Filter>GUI\Window</Filter>
    </ClCompile>
  </ItemGroup>
  <ItemGroup>
    <Filter Include="Renderer">
      <UniqueIdentifier>{b434eb0a-752a-4f5c-9192-e43baa8c6f6f}</UniqueIdentifier>
    </Filter>
    <Filter Include="Math">
      <UniqueIdentifier>{7287924a-b29a-4a0c-98cd-7c16bb124d58}</UniqueIdentifier>
    </Filter>
    <Filter Include="Core">
      <UniqueIdentifier>{0f30b848-9974-4382-b55a-118357d3070f}</UniqueIdentifier>
    </Filter>
    <Filter Include="Core\Base">
      <UniqueIdentifier>{e8a889f3-c2ff-4165-8603-bfcf2feec125}</UniqueIdentifier>
    </Filter>
    <Filter Include="Core\Util">
      <UniqueIdentifier>{03074ce4-f0a7-4647-b243-b6fa2e6647fa}</UniqueIdentifier>
    </Filter>
    <Filter Include="Asset">
      <UniqueIdentifier>{e8f2ce27-de8a-4e09-9c75-1a9f37b6e434}</UniqueIdentifier>
    </Filter>
    <Filter Include="Renderer\DX9">
      <UniqueIdentifier>{671aaf91-7ed0-4e11-a96b-b8902900f241}</UniqueIdentifier>
    </Filter>
    <Filter Include="GUI">
      <UniqueIdentifier>{2fbdd1b0-8a25-4f34-8e33-1c0bf7f9a1d7}</UniqueIdentifier>
    </Filter>
    <Filter Include="GUI\Controller">
      <UniqueIdentifier>{ce3976cc-46ab-496b-9e3f-bae4f21f5618}</UniqueIdentifier>
    </Filter>
    <Filter Include="GUI\Controller\Win32">
      <UniqueIdentifier>{822d0852-a438-4711-adfc-060cba9b4073}</UniqueIdentifier>
    </Filter>
    <Filter Include="GUI\Window">
      <UniqueIdentifier>{41406544-1cb8-4f36-a641-383a320567a3}</UniqueIdentifier>
    </Filter>
    <Filter Include="GUI\Platform">
      <UniqueIdentifier>{a5425ee9-ba50-4b2e-9606-1bd2dc538c07}</UniqueIdentifier>
    </Filter>
    <Filter Include="GUI\Platform\Win32">
      <UniqueIdentifier>{bb76aeee-aab9-4088-aa7a-21643919ccf0}</UniqueIdentifier>
    </Filter>
    <Filter Include="GUI\Window\Win32">
      <UniqueIdentifier>{7dd6e98d-38e4-4d52-bc6c-6ad546fc69ba}</UniqueIdentifier>
    </Filter>
  </ItemGroup>
</Project>